
Microsoft Visual Studio Solution File, Format Version 12.00
# Visual Studio Version 16
VisualStudioVersion = 16.0.28803.156
MinimumVisualStudioVersion = 10.0.40219.1
Project("{9A19103F-16F7-4668-BE54-9A1E7A4F7556}") = "LogGrokCore", "LogGrokCore\LogGrokCore.csproj", "{88B6E8DD-EC63-4813-A888-BF49F39DBCF2}"
EndProject
Project("{9A19103F-16F7-4668-BE54-9A1E7A4F7556}") = "LogGrokCore.Data", "LogGrokCore.Data\LogGrokCore.Data.csproj", "{DA2267F6-3865-4D20-896B-B5F8AE45EA1B}"
EndProject
Project("{FAE04EC0-301F-11D3-BF4B-00C04F79EFBC}") = "LogGrokCore.Data.Tests", "LogGrokCore.Data.Tests\LogGrokCore.Data.Tests.csproj", "{8E5A6A3E-24E5-4DD6-B2F6-7AF75039C132}"
EndProject
Project("{FAE04EC0-301F-11D3-BF4B-00C04F79EFBC}") = "LogGrokCore.Tests", "LogGrokCore.Tests\LogGrokCore.Tests.csproj", "{E177B3B2-F2B5-4E97-9B9E-F52E96F16072}"
EndProject
Global
	GlobalSection(SolutionConfigurationPlatforms) = preSolution
		Debug|Any CPU = Debug|Any CPU
		Release|Any CPU = Release|Any CPU
	EndGlobalSection
	GlobalSection(ProjectConfigurationPlatforms) = postSolution
		{88B6E8DD-EC63-4813-A888-BF49F39DBCF2}.Debug|Any CPU.ActiveCfg = Debug|Any CPU
		{88B6E8DD-EC63-4813-A888-BF49F39DBCF2}.Debug|Any CPU.Build.0 = Debug|Any CPU
		{88B6E8DD-EC63-4813-A888-BF49F39DBCF2}.Release|Any CPU.ActiveCfg = Release|Any CPU
		{88B6E8DD-EC63-4813-A888-BF49F39DBCF2}.Release|Any CPU.Build.0 = Release|Any CPU
		{DA2267F6-3865-4D20-896B-B5F8AE45EA1B}.Debug|Any CPU.ActiveCfg = Debug|Any CPU
		{DA2267F6-3865-4D20-896B-B5F8AE45EA1B}.Debug|Any CPU.Build.0 = Debug|Any CPU
		{DA2267F6-3865-4D20-896B-B5F8AE45EA1B}.Release|Any CPU.ActiveCfg = Release|Any CPU
		{DA2267F6-3865-4D20-896B-B5F8AE45EA1B}.Release|Any CPU.Build.0 = Release|Any CPU
		{8E5A6A3E-24E5-4DD6-B2F6-7AF75039C132}.Debug|Any CPU.ActiveCfg = Debug|Any CPU
		{8E5A6A3E-24E5-4DD6-B2F6-7AF75039C132}.Debug|Any CPU.Build.0 = Debug|Any CPU
		{8E5A6A3E-24E5-4DD6-B2F6-7AF75039C132}.Release|Any CPU.ActiveCfg = Release|Any CPU
		{8E5A6A3E-24E5-4DD6-B2F6-7AF75039C132}.Release|Any CPU.Build.0 = Release|Any CPU
		{E177B3B2-F2B5-4E97-9B9E-F52E96F16072}.Debug|Any CPU.ActiveCfg = Debug|Any CPU
		{E177B3B2-F2B5-4E97-9B9E-F52E96F16072}.Debug|Any CPU.Build.0 = Debug|Any CPU
		{E177B3B2-F2B5-4E97-9B9E-F52E96F16072}.Release|Any CPU.ActiveCfg = Release|Any CPU
		{E177B3B2-F2B5-4E97-9B9E-F52E96F16072}.Release|Any CPU.Build.0 = Release|Any CPU
	EndGlobalSection
	GlobalSection(SolutionProperties) = preSolution
		HideSolutionNode = FALSE
	EndGlobalSection
	GlobalSection(ExtensibilityGlobals) = postSolution
		SolutionGuid = {1AA0AE14-8312-4AD6-9A5E-9208E232F1D9}
	EndGlobalSection
EndGlobal
